
Microsoft Visual Studio Solution File, Format Version 12.00
# Visual Studio Version 17
VisualStudioVersion = 17.3.32922.545
MinimumVisualStudioVersion = 10.0.40219.1
Project("{FAE04EC0-301F-11D3-BF4B-00C04F79EFBC}") = "questao07", "questao07.csproj", "{0B34A2F2-36F8-40C4-8DB2-47D77D611754}"
EndProject
Global
	GlobalSection(SolutionConfigurationPlatforms) = preSolution
		Debug|Any CPU = Debug|Any CPU
		Release|Any CPU = Release|Any CPU
	EndGlobalSection
	GlobalSection(ProjectConfigurationPlatforms) = postSolution
		{0B34A2F2-36F8-40C4-8DB2-47D77D611754}.Debug|Any CPU.ActiveCfg = Debug|Any CPU
		{0B34A2F2-36F8-40C4-8DB2-47D77D611754}.Debug|Any CPU.Build.0 = Debug|Any CPU
		{0B34A2F2-36F8-40C4-8DB2-47D77D611754}.Release|Any CPU.ActiveCfg = Release|Any CPU
		{0B34A2F2-36F8-40C4-8DB2-47D77D611754}.Release|Any CPU.Build.0 = Release|Any CPU
	EndGlobalSection
	GlobalSection(SolutionProperties) = preSolution
		HideSolutionNode = FALSE
	EndGlobalSection
	GlobalSection(ExtensibilityGlobals) = postSolution
		SolutionGuid = {E3BD6B00-01F6-487E-8D85-DABDC6109F84}
	EndGlobalSection
EndGlobal
